
Microsoft Visual Studio Solution File, Format Version 12.00
# Visual Studio Version 17
VisualStudioVersion = 17.14.36408.4
MinimumVisualStudioVersion = 10.0.40219.1
Project("{2150E333-8FDC-42A3-9474-1A3956D46DE8}") = "src", "src", "{02EA681E-C7D8-13C7-8484-4AC65E1B71E8}"
EndProject
Project("{2150E333-8FDC-42A3-9474-1A3956D46DE8}") = "test", "test", "{84F8D88A-11F1-4CBE-8C73-7F09D8D339AF}"
EndProject
Project("{FAE04EC0-301F-11D3-BF4B-00C04F79EFBC}") = "UNIR.TFE.Polyrepo.Shared", "src\UNIR.TFE.Polyrepo.Shared\UNIR.TFE.Polyrepo.Shared.csproj", "{4B11AF6A-9D9F-4444-9D2D-D288C457C8DD}"
EndProject
Project("{FAE04EC0-301F-11D3-BF4B-00C04F79EFBC}") = "UNIR.TFE.Polyrepo.Shared.Test", "test\UNIR.TFE.Polyrepo.Shared.Test\UNIR.TFE.Polyrepo.Shared.Test.csproj", "{53914467-E982-4996-BFB9-D74E1502A6D1}"
EndProject
Global
	GlobalSection(SolutionConfigurationPlatforms) = preSolution
		Debug|Any CPU = Debug|Any CPU
		Release|Any CPU = Release|Any CPU
	EndGlobalSection
	GlobalSection(ProjectConfigurationPlatforms) = postSolution
		{4B11AF6A-9D9F-4444-9D2D-D288C457C8DD}.Debug|Any CPU.ActiveCfg = Debug|Any CPU
		{4B11AF6A-9D9F-4444-9D2D-D288C457C8DD}.Debug|Any CPU.Build.0 = Debug|Any CPU
		{4B11AF6A-9D9F-4444-9D2D-D288C457C8DD}.Release|Any CPU.ActiveCfg = Release|Any CPU
		{4B11AF6A-9D9F-4444-9D2D-D288C457C8DD}.Release|Any CPU.Build.0 = Release|Any CPU
		{53914467-E982-4996-BFB9-D74E1502A6D1}.Debug|Any CPU.ActiveCfg = Debug|Any CPU
		{53914467-E982-4996-BFB9-D74E1502A6D1}.Debug|Any CPU.Build.0 = Debug|Any CPU
		{53914467-E982-4996-BFB9-D74E1502A6D1}.Release|Any CPU.ActiveCfg = Release|Any CPU
		{53914467-E982-4996-BFB9-D74E1502A6D1}.Release|Any CPU.Build.0 = Release|Any CPU
	EndGlobalSection
	GlobalSection(SolutionProperties) = preSolution
		HideSolutionNode = FALSE
	EndGlobalSection
	GlobalSection(NestedProjects) = preSolution
		{4B11AF6A-9D9F-4444-9D2D-D288C457C8DD} = {02EA681E-C7D8-13C7-8484-4AC65E1B71E8}
		{53914467-E982-4996-BFB9-D74E1502A6D1} = {84F8D88A-11F1-4CBE-8C73-7F09D8D339AF}
	EndGlobalSection
	GlobalSection(ExtensibilityGlobals) = postSolution
		SolutionGuid = {B4684352-DD23-4E18-921F-9BB4D237ED1B}
	EndGlobalSection
EndGlobal
